
Microsoft Visual Studio Solution File, Format Version 12.00
# Visual Studio Version 16
VisualStudioVersion = 16.0.32901.82
MinimumVisualStudioVersion = 10.0.40219.1
Project("{FAE04EC0-301F-11D3-BF4B-00C04F79EFBC}") = "ScorePanel", "ScorePanel\ScorePanel.csproj", "{AD6E9643-9133-42B6-AB20-2E9FA78AEF6E}"
EndProject
Project("{FAE04EC0-301F-11D3-BF4B-00C04F79EFBC}") = "TestScorePanel", "TestScorePanel\TestScorePanel.csproj", "{9F09BC90-97AB-4F69-9C67-B19B23766630}"
EndProject
Global
	GlobalSection(SolutionConfigurationPlatforms) = preSolution
		Debug|Any CPU = Debug|Any CPU
		Release|Any CPU = Release|Any CPU
	EndGlobalSection
	GlobalSection(ProjectConfigurationPlatforms) = postSolution
		{AD6E9643-9133-42B6-AB20-2E9FA78AEF6E}.Debug|Any CPU.ActiveCfg = Debug|Any CPU
		{AD6E9643-9133-42B6-AB20-2E9FA78AEF6E}.Debug|Any CPU.Build.0 = Debug|Any CPU
		{AD6E9643-9133-42B6-AB20-2E9FA78AEF6E}.Release|Any CPU.ActiveCfg = Release|Any CPU
		{AD6E9643-9133-42B6-AB20-2E9FA78AEF6E}.Release|Any CPU.Build.0 = Release|Any CPU
		{9F09BC90-97AB-4F69-9C67-B19B23766630}.Debug|Any CPU.ActiveCfg = Debug|Any CPU
		{9F09BC90-97AB-4F69-9C67-B19B23766630}.Debug|Any CPU.Build.0 = Debug|Any CPU
		{9F09BC90-97AB-4F69-9C67-B19B23766630}.Release|Any CPU.ActiveCfg = Release|Any CPU
		{9F09BC90-97AB-4F69-9C67-B19B23766630}.Release|Any CPU.Build.0 = Release|Any CPU
	EndGlobalSection
	GlobalSection(SolutionProperties) = preSolution
		HideSolutionNode = FALSE
	EndGlobalSection
	GlobalSection(ExtensibilityGlobals) = postSolution
		SolutionGuid = {6916FE2E-3BAF-4E3A-BD81-30CB1A914AC8}
	EndGlobalSection
EndGlobal
